
Microsoft Visual Studio Solution File, Format Version 12.00
# Visual Studio Version 17
VisualStudioVersion = 17.7.34031.279
MinimumVisualStudioVersion = 10.0.40219.1
Project("{FAE04EC0-301F-11D3-BF4B-00C04F79EFBC}") = "OctoManager", "OctoManager\OctoManager.csproj", "{A0DFA6DC-DAED-41F9-8A3D-27312EDD970F}"
EndProject
Global
	GlobalSection(SolutionConfigurationPlatforms) = preSolution
		Debug|Any CPU = Debug|Any CPU
		Release|Any CPU = Release|Any CPU
	EndGlobalSection
	GlobalSection(ProjectConfigurationPlatforms) = postSolution
		{A0DFA6DC-DAED-41F9-8A3D-27312EDD970F}.Debug|Any CPU.ActiveCfg = Debug|Any CPU
		{A0DFA6DC-DAED-41F9-8A3D-27312EDD970F}.Debug|Any CPU.Build.0 = Debug|Any CPU
		{A0DFA6DC-DAED-41F9-8A3D-27312EDD970F}.Release|Any CPU.ActiveCfg = Release|Any CPU
		{A0DFA6DC-DAED-41F9-8A3D-27312EDD970F}.Release|Any CPU.Build.0 = Release|Any CPU
	EndGlobalSection
	GlobalSection(SolutionProperties) = preSolution
		HideSolutionNode = FALSE
	EndGlobalSection
	GlobalSection(ExtensibilityGlobals) = postSolution
		SolutionGuid = {BF3547A4-92F0-4704-8A4A-3897E772204A}
	EndGlobalSection
EndGlobal
